
Microsoft Visual Studio Solution File, Format Version 12.00
# Visual Studio Version 17
VisualStudioVersion = 17.3.32819.101
MinimumVisualStudioVersion = 10.0.40219.1
Project("{FAE04EC0-301F-11D3-BF4B-00C04F79EFBC}") = "AlphaStellarProjects", "AlphaStellarProjects\AlphaStellarProjects.csproj", "{EC4ABB32-8A2A-419D-89FA-CAF2C98570BC}"
EndProject
Project("{FAE04EC0-301F-11D3-BF4B-00C04F79EFBC}") = "AlphaStellarProjects.Data", "AlphaStellarProjects.Data\AlphaStellarProjects.Data.csproj", "{3B3D7136-A149-4339-8C08-E0668AED5748}"
EndProject
Global
	GlobalSection(SolutionConfigurationPlatforms) = preSolution
		Debug|Any CPU = Debug|Any CPU
		Release|Any CPU = Release|Any CPU
	EndGlobalSection
	GlobalSection(ProjectConfigurationPlatforms) = postSolution
		{EC4ABB32-8A2A-419D-89FA-CAF2C98570BC}.Debug|Any CPU.ActiveCfg = Debug|Any CPU
		{EC4ABB32-8A2A-419D-89FA-CAF2C98570BC}.Debug|Any CPU.Build.0 = Debug|Any CPU
		{EC4ABB32-8A2A-419D-89FA-CAF2C98570BC}.Release|Any CPU.ActiveCfg = Release|Any CPU
		{EC4ABB32-8A2A-419D-89FA-CAF2C98570BC}.Release|Any CPU.Build.0 = Release|Any CPU
		{3B3D7136-A149-4339-8C08-E0668AED5748}.Debug|Any CPU.ActiveCfg = Debug|Any CPU
		{3B3D7136-A149-4339-8C08-E0668AED5748}.Debug|Any CPU.Build.0 = Debug|Any CPU
		{3B3D7136-A149-4339-8C08-E0668AED5748}.Release|Any CPU.ActiveCfg = Release|Any CPU
		{3B3D7136-A149-4339-8C08-E0668AED5748}.Release|Any CPU.Build.0 = Release|Any CPU
	EndGlobalSection
	GlobalSection(SolutionProperties) = preSolution
		HideSolutionNode = FALSE
	EndGlobalSection
	GlobalSection(ExtensibilityGlobals) = postSolution
		SolutionGuid = {4C01408A-A60A-4EC6-BD60-890B9E3E8B96}
	EndGlobalSection
EndGlobal
